
Microsoft Visual Studio Solution File, Format Version 12.00
# Visual Studio Version 16
VisualStudioVersion = 16.0.32106.194
MinimumVisualStudioVersion = 10.0.40219.1
Project("{FAE04EC0-301F-11D3-BF4B-00C04F79EFBC}") = "Functions", "Functions\Functions.csproj", "{790C575E-11D3-4D90-8615-522FDE313AA4}"
EndProject
Project("{FAE04EC0-301F-11D3-BF4B-00C04F79EFBC}") = "UserNameData", "UserNameData\UserNameData.csproj", "{B42B6400-9DB8-41DD-9278-BF814CD06710}"
EndProject
Project("{FAE04EC0-301F-11D3-BF4B-00C04F79EFBC}") = "UserNameDataTask", "UserNameDataTask\UserNameDataTask.csproj", "{8955BA11-C44D-4F6D-8807-19A33DDC0186}"
EndProject
Global
	GlobalSection(SolutionConfigurationPlatforms) = preSolution
		Debug|Any CPU = Debug|Any CPU
		Release|Any CPU = Release|Any CPU
	EndGlobalSection
	GlobalSection(ProjectConfigurationPlatforms) = postSolution
		{790C575E-11D3-4D90-8615-522FDE313AA4}.Debug|Any CPU.ActiveCfg = Debug|Any CPU
		{790C575E-11D3-4D90-8615-522FDE313AA4}.Debug|Any CPU.Build.0 = Debug|Any CPU
		{790C575E-11D3-4D90-8615-522FDE313AA4}.Release|Any CPU.ActiveCfg = Release|Any CPU
		{790C575E-11D3-4D90-8615-522FDE313AA4}.Release|Any CPU.Build.0 = Release|Any CPU
		{B42B6400-9DB8-41DD-9278-BF814CD06710}.Debug|Any CPU.ActiveCfg = Debug|Any CPU
		{B42B6400-9DB8-41DD-9278-BF814CD06710}.Debug|Any CPU.Build.0 = Debug|Any CPU
		{B42B6400-9DB8-41DD-9278-BF814CD06710}.Release|Any CPU.ActiveCfg = Release|Any CPU
		{B42B6400-9DB8-41DD-9278-BF814CD06710}.Release|Any CPU.Build.0 = Release|Any CPU
		{8955BA11-C44D-4F6D-8807-19A33DDC0186}.Debug|Any CPU.ActiveCfg = Debug|Any CPU
		{8955BA11-C44D-4F6D-8807-19A33DDC0186}.Debug|Any CPU.Build.0 = Debug|Any CPU
		{8955BA11-C44D-4F6D-8807-19A33DDC0186}.Release|Any CPU.ActiveCfg = Release|Any CPU
		{8955BA11-C44D-4F6D-8807-19A33DDC0186}.Release|Any CPU.Build.0 = Release|Any CPU
	EndGlobalSection
	GlobalSection(SolutionProperties) = preSolution
		HideSolutionNode = FALSE
	EndGlobalSection
	GlobalSection(ExtensibilityGlobals) = postSolution
		SolutionGuid = {F41B3E89-8A60-4FA4-B100-20425F63F249}
	EndGlobalSection
EndGlobal
